
Microsoft Visual Studio Solution File, Format Version 12.00
# Visual Studio Version 16
VisualStudioVersion = 16.0.29709.97
MinimumVisualStudioVersion = 10.0.40219.1
Project("{FAE04EC0-301F-11D3-BF4B-00C04F79EFBC}") = "WpfApp9", "WpfApp9\WpfApp9.csproj", "{7FA0C24B-82EF-48CD-803C-9F744705E36A}"
EndProject
Global
	GlobalSection(SolutionConfigurationPlatforms) = preSolution
		Debug|Any CPU = Debug|Any CPU
		Release|Any CPU = Release|Any CPU
	EndGlobalSection
	GlobalSection(ProjectConfigurationPlatforms) = postSolution
		{7FA0C24B-82EF-48CD-803C-9F744705E36A}.Debug|Any CPU.ActiveCfg = Debug|Any CPU
		{7FA0C24B-82EF-48CD-803C-9F744705E36A}.Debug|Any CPU.Build.0 = Debug|Any CPU
		{7FA0C24B-82EF-48CD-803C-9F744705E36A}.Release|Any CPU.ActiveCfg = Release|Any CPU
		{7FA0C24B-82EF-48CD-803C-9F744705E36A}.Release|Any CPU.Build.0 = Release|Any CPU
	EndGlobalSection
	GlobalSection(SolutionProperties) = preSolution
		HideSolutionNode = FALSE
	EndGlobalSection
	GlobalSection(ExtensibilityGlobals) = postSolution
		SolutionGuid = {B45E236B-4341-4EF3-9D0D-0826F210CCE4}
	EndGlobalSection
EndGlobal
